# THIS IS AN AUTOGENERATED FILE. DO NOT EDIT THIS FILE DIRECTLY.
# yarn lockfile v1


animate.css@^3.7.2:
  version "3.7.2"
  resolved "https://registry.yarnpkg.com/animate.css/-/animate.css-3.7.2.tgz#e73e0d50e92cb1cfef1597d9b38a9481020e08ea"
  integrity sha512-0bE8zYo7C0KvgOYrSVfrzkbYk6IOTVPNqkiHg2cbyF4Pq/PXzilz4BRWA3hwEUBoMp5VBgrC29lQIZyhRWdBTw==

vue-router@^3.0.7:
  version "3.0.7"
  resolved "https://registry.yarnpkg.com/vue-router/-/vue-router-3.0.7.tgz#b36ca107b4acb8ff5bc4ff824584059c23fcb87b"
  integrity sha512-utJ+QR3YlIC/6x6xq17UMXeAfxEvXA0VKD3PiSio7hBOZNusA1jXcbxZxVEfJunLp48oonjTepY8ORoIlRx/EQ==

vue@^2.6.10:
  version "2.6.10"
  resolved "https://registry.yarnpkg.com/vue/-/vue-2.6.10.tgz#a72b1a42a4d82a721ea438d1b6bf55e66195c637"
  integrity sha512-ImThpeNU9HbdZL3utgMCq0oiMzAkt1mcgy3/E6zWC/G6AaQoeuFdsl9nDhTDU3X1R6FK7nsIUuRACVcjI+A2GQ==
